
Microsoft Visual Studio Solution File, Format Version 12.00
# Visual Studio Version 17
VisualStudioVersion = 17.10.35013.160
MinimumVisualStudioVersion = 10.0.40219.1
Project("{FAE04EC0-301F-11D3-BF4B-00C04F79EFBC}") = "BasketSample", "BasketSample\BasketSample.csproj", "{06CB6E45-C43A-4971-9F83-9D40B6099E84}"
EndProject
Global
	GlobalSection(SolutionConfigurationPlatforms) = preSolution
		Debug|Any CPU = Debug|Any CPU
		Release|Any CPU = Release|Any CPU
	EndGlobalSection
	GlobalSection(ProjectConfigurationPlatforms) = postSolution
		{06CB6E45-C43A-4971-9F83-9D40B6099E84}.Debug|Any CPU.ActiveCfg = Debug|Any CPU
		{06CB6E45-C43A-4971-9F83-9D40B6099E84}.Debug|Any CPU.Build.0 = Debug|Any CPU
		{06CB6E45-C43A-4971-9F83-9D40B6099E84}.Release|Any CPU.ActiveCfg = Release|Any CPU
		{06CB6E45-C43A-4971-9F83-9D40B6099E84}.Release|Any CPU.Build.0 = Release|Any CPU
	EndGlobalSection
	GlobalSection(SolutionProperties) = preSolution
		HideSolutionNode = FALSE
	EndGlobalSection
	GlobalSection(ExtensibilityGlobals) = postSolution
		SolutionGuid = {D084F083-0F97-4407-898F-760F086677DD}
	EndGlobalSection
EndGlobal
